Microsoft Visual Studio Solution File, Format Version 11.00
# Visual Studio 2008

Project("{48D7C1CE-EB43-7078-837A-482E9440CC33}") = "Project5.3.4", "Assembly-CSharp.csproj", "{38CE2253-A895-849E-2D7F-A10811B6B361}"
EndProject
Project("{48D7C1CE-EB43-7078-837A-482E9440CC33}") = "Project5.3.4", "Assembly-CSharp-Editor.csproj", "{554EE955-57DB-3AF1-66DC-8CBE20688751}"
EndProject
Global
	GlobalSection(SolutionConfigurationPlatforms) = preSolution
		Debug|Any CPU = Debug|Any CPU
		Release|Any CPU = Release|Any CPU
	EndGlobalSection
	GlobalSection(ProjectConfigurationPlatforms) = postSolution
		{38CE2253-A895-849E-2D7F-A10811B6B361}.Debug|Any CPU.ActiveCfg = Debug|Any CPU
		{38CE2253-A895-849E-2D7F-A10811B6B361}.Debug|Any CPU.Build.0 = Debug|Any CPU
		{38CE2253-A895-849E-2D7F-A10811B6B361}.Release|Any CPU.ActiveCfg = Release|Any CPU
		{38CE2253-A895-849E-2D7F-A10811B6B361}.Release|Any CPU.Build.0 = Release|Any CPU
		{554EE955-57DB-3AF1-66DC-8CBE20688751}.Debug|Any CPU.ActiveCfg = Debug|Any CPU
		{554EE955-57DB-3AF1-66DC-8CBE20688751}.Debug|Any CPU.Build.0 = Debug|Any CPU
		{554EE955-57DB-3AF1-66DC-8CBE20688751}.Release|Any CPU.ActiveCfg = Release|Any CPU
		{554EE955-57DB-3AF1-66DC-8CBE20688751}.Release|Any CPU.Build.0 = Release|Any CPU
	EndGlobalSection
	GlobalSection(SolutionProperties) = preSolution
		HideSolutionNode = FALSE
	EndGlobalSection
	GlobalSection(MonoDevelopProperties) = preSolution
		StartupItem = Assembly-CSharp.csproj
	EndGlobalSection
EndGlobal
